<?xml version="1.0" encoding="UTF-8" standalone="yes" ?>
<CodeBlocks_project_file>
	<FileVersion major="1" minor="6" />
	<Project>
		<Option title="CV" />
		<Option pch_mode="2" />
		<Option compiler="gcc" />
		<Build>
			<Target title="Debug">
				<Option output="bin/Debug/CV" prefix_auto="1" extension_auto="1" />
				<Option object_output="obj/Debug/" />
				<Option type="1" />
				<Option compiler="gcc" />
				<Compiler>
					<Add option="-g" />
				</Compiler>
			</Target>
			<Target title="Release">
				<Option output="bin/Release/CV" prefix_auto="1" extension_auto="1" />
				<Option object_output="obj/Release/" />
				<Option type="1" />
				<Option compiler="gcc" />
				<Compiler>
					<Add option="-O2" />
				</Compiler>
				<Linker>
					<Add option="-s" />
				</Linker>
			</Target>
		</Build>
		<Compiler>
			<Add option="-Wall" />
		</Compiler>
		<Unit filename="A280.TXT" />
		<Unit filename="AG-solucao.txt" />
		<Unit filename="AG.cpp" />
		<Unit filename="AG.h" />
		<Unit filename="Arquivos.cpp" />
		<Unit filename="Arquivos.h" />
		<Unit filename="C50.TXT" />
		<Unit filename="C50INFO.TXT" />
		<Unit filename="CV.cbp" />
		<Unit filename="Construcao.cpp" />
		<Unit filename="Construcao.h" />
		<Unit filename="Descida.cpp" />
		<Unit filename="Descida.h" />
		<Unit filename="Descida.txt" />
		<Unit filename="DescidaPrimeiroMelhora.txt" />
		<Unit filename="Estruturas.h" />
		<Unit filename="GRASP.cpp" />
		<Unit filename="GRASP.h" />
		<Unit filename="ILS.cpp" />
		<Unit filename="ILS.h" />
		<Unit filename="Listas.cpp" />
		<Unit filename="Listas.h" />
		<Unit filename="Menus.cpp" />
		<Unit filename="Menus.h" />
		<Unit filename="SA.cpp" />
		<Unit filename="SA.h" />
		<Unit filename="SAsaida.txt" />
		<Unit filename="Util.cpp" />
		<Unit filename="Util.h" />
		<Unit filename="a280-BestRoute.txt" />
		<Unit filename="a280INFO.TXT" />
		<Unit filename="c50-BestRoute.txt" />
		<Unit filename="main.cpp" />
		<Extensions>
			<lib_finder disable_auto="1" />
		</Extensions>
	</Project>
</CodeBlocks_project_file>
